{
  "name": "@opengeometry/kernel-three",
  "version": "1.0.0",
  "lockfileVersion": 3,
  "requires": true,
  "packages": {
    "": {
      "name": "@opengeometry/kernel-three",
      "version": "1.0.0",
      "license": "MIT",
      "dependencies": {
        "@opengeometry/openmaths": "^0.2.3"
      }
    },
    "node_modules/@opengeometry/openmaths": {
      "version": "0.2.3",
      "resolved": "https://registry.npmjs.org/@opengeometry/openmaths/-/openmaths-0.2.3.tgz",
      "integrity": "sha512-WgMeBkpjGzSLf6YZHDB6KBqpAoqec9iwLLsY7fPWYxG5+1O1A631Sdgg42RDTSiVtvXRXRNgYiuhI+soqJGshA==",
      "license": "MIT/Apache-2.0"
    }
  }
}
